
Microsoft Visual Studio Solution File, Format Version 12.00
# Visual Studio Version 16
VisualStudioVersion = 16.0.30320.27
MinimumVisualStudioVersion = 10.0.40219.1
Project("{9A19103F-16F7-4668-BE54-9A1E7A4F7556}") = "SpaceGame", "SpaceGame.csproj", "{6DF46222-C213-44E3-8A88-B6C47832500C}"
EndProject
Project("{9A19103F-16F7-4668-BE54-9A1E7A4F7556}") = "SpaceGameConsole", "..\SpaceGameConsole\SpaceGameConsole.csproj", "{ED5BE607-35ED-4AEC-A4E1-6B6AB272C0A8}"
EndProject
Global
	GlobalSection(SolutionConfigurationPlatforms) = preSolution
		Debug|Any CPU = Debug|Any CPU
		Release|Any CPU = Release|Any CPU
	EndGlobalSection
	GlobalSection(ProjectConfigurationPlatforms) = postSolution
		{6DF46222-C213-44E3-8A88-B6C47832500C}.Debug|Any CPU.ActiveCfg = Debug|Any CPU
		{6DF46222-C213-44E3-8A88-B6C47832500C}.Debug|Any CPU.Build.0 = Debug|Any CPU
		{6DF46222-C213-44E3-8A88-B6C47832500C}.Release|Any CPU.ActiveCfg = Release|Any CPU
		{6DF46222-C213-44E3-8A88-B6C47832500C}.Release|Any CPU.Build.0 = Release|Any CPU
		{ED5BE607-35ED-4AEC-A4E1-6B6AB272C0A8}.Debug|Any CPU.ActiveCfg = Debug|Any CPU
		{ED5BE607-35ED-4AEC-A4E1-6B6AB272C0A8}.Debug|Any CPU.Build.0 = Debug|Any CPU
		{ED5BE607-35ED-4AEC-A4E1-6B6AB272C0A8}.Release|Any CPU.ActiveCfg = Release|Any CPU
		{ED5BE607-35ED-4AEC-A4E1-6B6AB272C0A8}.Release|Any CPU.Build.0 = Release|Any CPU
	EndGlobalSection
	GlobalSection(SolutionProperties) = preSolution
		HideSolutionNode = FALSE
	EndGlobalSection
	GlobalSection(ExtensibilityGlobals) = postSolution
		SolutionGuid = {87B4837B-C433-4A75-9506-5781B9B809B5}
	EndGlobalSection
EndGlobal
